
Microsoft Visual Studio Solution File, Format Version 12.00
# Visual Studio Version 17
VisualStudioVersion = 17.14.36121.58 d17.14
MinimumVisualStudioVersion = 10.0.40219.1
Project("{FAE04EC0-301F-11D3-BF4B-00C04F79EFBC}") = "UESAN_INTRANET.API", "UESAN_INTRANET.API\UESAN_INTRANET.API.csproj", "{B8FF6270-8540-4F60-A94B-B021E051626D}"
EndProject
Project("{FAE04EC0-301F-11D3-BF4B-00C04F79EFBC}") = "UESAN_INTRANET.CORE", "UESAN_INTRANET.CORE\UESAN_INTRANET.CORE.csproj", "{C31E02A0-26D2-4F54-BD36-A18257C178FD}"
EndProject
Global
	GlobalSection(SolutionConfigurationPlatforms) = preSolution
		Debug|Any CPU = Debug|Any CPU
		Release|Any CPU = Release|Any CPU
	EndGlobalSection
	GlobalSection(ProjectConfigurationPlatforms) = postSolution
		{B8FF6270-8540-4F60-A94B-B021E051626D}.Debug|Any CPU.ActiveCfg = Debug|Any CPU
		{B8FF6270-8540-4F60-A94B-B021E051626D}.Debug|Any CPU.Build.0 = Debug|Any CPU
		{B8FF6270-8540-4F60-A94B-B021E051626D}.Release|Any CPU.ActiveCfg = Release|Any CPU
		{B8FF6270-8540-4F60-A94B-B021E051626D}.Release|Any CPU.Build.0 = Release|Any CPU
		{C31E02A0-26D2-4F54-BD36-A18257C178FD}.Debug|Any CPU.ActiveCfg = Debug|Any CPU
		{C31E02A0-26D2-4F54-BD36-A18257C178FD}.Debug|Any CPU.Build.0 = Debug|Any CPU
		{C31E02A0-26D2-4F54-BD36-A18257C178FD}.Release|Any CPU.ActiveCfg = Release|Any CPU
		{C31E02A0-26D2-4F54-BD36-A18257C178FD}.Release|Any CPU.Build.0 = Release|Any CPU
	EndGlobalSection
	GlobalSection(SolutionProperties) = preSolution
		HideSolutionNode = FALSE
	EndGlobalSection
	GlobalSection(ExtensibilityGlobals) = postSolution
		SolutionGuid = {BD98AECD-5931-4F7A-BFD9-56AE99A57273}
	EndGlobalSection
EndGlobal
